{
  "nodes": {
    "home-manager": {
      "inputs": {
        "nixpkgs": [
          "nixpkgs"
        ]
      },
      "locked": {
        "lastModified": 1783221248,
        "narHash": "sha256-ESQnuNHEDChsB4IxoLRhscVahqkDWkTb+qdIz8euYt4=",
        "owner": "nix-community",
        "repo": "home-manager",
        "rev": "af2beae5f0fae0a4310cc0e6aef2572f56090353",
        "type": "github"
      },
      "original": {
        "owner": "nix-community",
        "ref": "release-26.05",
        "repo": "home-manager",
        "type": "github"
      }
    },
    "nixpkgs": {
      "locked": {
        "lastModified": 1785491804,
        "narHash": "sha256-p00vplVOyfKGlhju0+eGGPAxyYYKaY0lpyuoHLFIx2Y=",
        "ref": "nixos-26.05",
        "rev": "5b4f72e1705a63aace42900610c4db82cb4af0ec",
        "shallow": true,
        "type": "git",
        "url": "https://mirrors.nju.edu.cn/git/nixpkgs.git"
      },
      "original": {
        "ref": "nixos-26.05",
        "shallow": true,
        "type": "git",
        "url": "https://mirrors.nju.edu.cn/git/nixpkgs.git"
      }
    },
    "root": {
      "inputs": {
        "home-manager": "home-manager",
        "nixpkgs": "nixpkgs"
      }
    }
  },
  "root": "root",
  "version": 7
}
